
Microsoft Visual Studio Solution File, Format Version 12.00
# Visual Studio Version 17
VisualStudioVersion = 17.8.34525.116
MinimumVisualStudioVersion = 10.0.40219.1
Project("{FAE04EC0-301F-11D3-BF4B-00C04F79EFBC}") = "ConsolePOC.ScheduledTask", "ConsolePOC.ScheduledTask.csproj", "{A84702AC-F2C1-4BED-940B-86D331DABF48}"
EndProject
Global
	GlobalSection(SolutionConfigurationPlatforms) = preSolution
		Debug|Any CPU = Debug|Any CPU
		Release|Any CPU = Release|Any CPU
	EndGlobalSection
	GlobalSection(ProjectConfigurationPlatforms) = postSolution
		{A84702AC-F2C1-4BED-940B-86D331DABF48}.Debug|Any CPU.ActiveCfg = Debug|Any CPU
		{A84702AC-F2C1-4BED-940B-86D331DABF48}.Debug|Any CPU.Build.0 = Debug|Any CPU
		{A84702AC-F2C1-4BED-940B-86D331DABF48}.Release|Any CPU.ActiveCfg = Release|Any CPU
		{A84702AC-F2C1-4BED-940B-86D331DABF48}.Release|Any CPU.Build.0 = Release|Any CPU
	EndGlobalSection
	GlobalSection(SolutionProperties) = preSolution
		HideSolutionNode = FALSE
	EndGlobalSection
	GlobalSection(ExtensibilityGlobals) = postSolution
		SolutionGuid = {33BFB54F-271A-4118-AB45-DA3F87C09D6B}
	EndGlobalSection
EndGlobal
